
Microsoft Visual Studio Solution File, Format Version 12.00
# Visual Studio 15
Project("{FAE04EC0-301F-11D3-BF4B-00C04F79EFBC}") = "NaughtyAttributes.Editor", "NaughtyAttributes.Editor.csproj", "{F383EE5D-FA41-4ACE-5A56-775CC50C8A5F}"
EndProject
Project("{FAE04EC0-301F-11D3-BF4B-00C04F79EFBC}") = "Assembly-CSharp", "Assembly-CSharp.csproj", "{F3F3FCF0-7A23-41DC-FF69-B37CD446CBB0}"
EndProject
Project("{FAE04EC0-301F-11D3-BF4B-00C04F79EFBC}") = "Assembly-CSharp-Editor", "Assembly-CSharp-Editor.csproj", "{5634526F-2C21-1936-8C5F-AB9FF59F23B6}"
EndProject
Project("{FAE04EC0-301F-11D3-BF4B-00C04F79EFBC}") = "NaughtyAttributes.Core", "NaughtyAttributes.Core.csproj", "{4117A904-586E-863E-E3BA-DDD511D0C74B}"
EndProject
Global
	GlobalSection(SolutionConfigurationPlatforms) = preSolution
		Debug|Any CPU = Debug|Any CPU
		Release|Any CPU = Release|Any CPU
	EndGlobalSection
	GlobalSection(ProjectConfigurationPlatforms) = postSolution
		{F383EE5D-FA41-4ACE-5A56-775CC50C8A5F}.Debug|Any CPU.ActiveCfg = Debug|Any CPU
		{F383EE5D-FA41-4ACE-5A56-775CC50C8A5F}.Debug|Any CPU.Build.0 = Debug|Any CPU
		{F383EE5D-FA41-4ACE-5A56-775CC50C8A5F}.Release|Any CPU.ActiveCfg = Release|Any CPU
		{F383EE5D-FA41-4ACE-5A56-775CC50C8A5F}.Release|Any CPU.Build.0 = Release|Any CPU
		{F3F3FCF0-7A23-41DC-FF69-B37CD446CBB0}.Debug|Any CPU.ActiveCfg = Debug|Any CPU
		{F3F3FCF0-7A23-41DC-FF69-B37CD446CBB0}.Debug|Any CPU.Build.0 = Debug|Any CPU
		{F3F3FCF0-7A23-41DC-FF69-B37CD446CBB0}.Release|Any CPU.ActiveCfg = Release|Any CPU
		{F3F3FCF0-7A23-41DC-FF69-B37CD446CBB0}.Release|Any CPU.Build.0 = Release|Any CPU
		{5634526F-2C21-1936-8C5F-AB9FF59F23B6}.Debug|Any CPU.ActiveCfg = Debug|Any CPU
		{5634526F-2C21-1936-8C5F-AB9FF59F23B6}.Debug|Any CPU.Build.0 = Debug|Any CPU
		{5634526F-2C21-1936-8C5F-AB9FF59F23B6}.Release|Any CPU.ActiveCfg = Release|Any CPU
		{5634526F-2C21-1936-8C5F-AB9FF59F23B6}.Release|Any CPU.Build.0 = Release|Any CPU
		{4117A904-586E-863E-E3BA-DDD511D0C74B}.Debug|Any CPU.ActiveCfg = Debug|Any CPU
		{4117A904-586E-863E-E3BA-DDD511D0C74B}.Debug|Any CPU.Build.0 = Debug|Any CPU
		{4117A904-586E-863E-E3BA-DDD511D0C74B}.Release|Any CPU.ActiveCfg = Release|Any CPU
		{4117A904-586E-863E-E3BA-DDD511D0C74B}.Release|Any CPU.Build.0 = Release|Any CPU
	EndGlobalSection
	GlobalSection(SolutionProperties) = preSolution
		HideSolutionNode = FALSE
	EndGlobalSection
EndGlobal
